
Microsoft Visual Studio Solution File, Format Version 12.00
# Visual Studio Version 17
VisualStudioVersion = 17.5.002.0
MinimumVisualStudioVersion = 10.0.40219.1
Project("{9A19103F-16F7-4668-BE54-9A1E7A4F7556}") = "IslamicHabitTracker", "IslamicHabitTracker\IslamicHabitTracker.csproj", "{47499427-8605-4DE5-9F85-63E0CAE643DC}"
EndProject
Global
	GlobalSection(SolutionConfigurationPlatforms) = preSolution
		Debug|Any CPU = Debug|Any CPU
		Release|Any CPU = Release|Any CPU
	EndGlobalSection
	GlobalSection(ProjectConfigurationPlatforms) = postSolution
		{47499427-8605-4DE5-9F85-63E0CAE643DC}.Debug|Any CPU.ActiveCfg = Debug|Any CPU
		{47499427-8605-4DE5-9F85-63E0CAE643DC}.Debug|Any CPU.Build.0 = Debug|Any CPU
		{47499427-8605-4DE5-9F85-63E0CAE643DC}.Release|Any CPU.ActiveCfg = Release|Any CPU
		{47499427-8605-4DE5-9F85-63E0CAE643DC}.Release|Any CPU.Build.0 = Release|Any CPU
	EndGlobalSection
	GlobalSection(SolutionProperties) = preSolution
		HideSolutionNode = FALSE
	EndGlobalSection
	GlobalSection(ExtensibilityGlobals) = postSolution
		SolutionGuid = {B9CE4ACC-CD65-4C0F-A980-F1A073B9EB1A}
	EndGlobalSection
EndGlobal
